
Microsoft Visual Studio Solution File, Format Version 12.00
# Visual Studio Version 17
VisualStudioVersion = 17.4.33205.214
MinimumVisualStudioVersion = 10.0.40219.1
Project("{FAE04EC0-301F-11D3-BF4B-00C04F79EFBC}") = "Projeto Cálculo Alcool ou Gasolina", "Projeto Cálculo Alcool ou Gasolina\Projeto Cálculo Alcool ou Gasolina.csproj", "{3579F79D-6731-4488-9022-C4AA574ABDDE}"
EndProject
Global
	GlobalSection(SolutionConfigurationPlatforms) = preSolution
		Debug|Any CPU = Debug|Any CPU
		Release|Any CPU = Release|Any CPU
	EndGlobalSection
	GlobalSection(ProjectConfigurationPlatforms) = postSolution
		{3579F79D-6731-4488-9022-C4AA574ABDDE}.Debug|Any CPU.ActiveCfg = Debug|Any CPU
		{3579F79D-6731-4488-9022-C4AA574ABDDE}.Debug|Any CPU.Build.0 = Debug|Any CPU
		{3579F79D-6731-4488-9022-C4AA574ABDDE}.Release|Any CPU.ActiveCfg = Release|Any CPU
		{3579F79D-6731-4488-9022-C4AA574ABDDE}.Release|Any CPU.Build.0 = Release|Any CPU
	EndGlobalSection
	GlobalSection(SolutionProperties) = preSolution
		HideSolutionNode = FALSE
	EndGlobalSection
	GlobalSection(ExtensibilityGlobals) = postSolution
		SolutionGuid = {DF23A835-1B70-485C-8DC2-0C697735B57F}
	EndGlobalSection
EndGlobal
